// !$*UTF8*$!
{
	archiveVersion = 1;
	classes = {
	};
	objectVersion = 56;
	objects = {

/* Begin PBXBuildFile section */
		7900FCDF299D390D00381D8C /* AppDelegate.swift in Sources */ = {isa = PBXBuildFile; fileRef = 7900FCDE299D390D00381D8C /* AppDelegate.swift */; };
		7900FCE1299D390D00381D8C /* SceneDelegate.swift in Sources */ = {isa = PBXBuildFile; fileRef = 7900FCE0299D390D00381D8C /* SceneDelegate.swift */; };
		7900FCE8299D390E00381D8C /* Assets.xcassets in Resources */ = {isa = PBXBuildFile; fileRef = 7900FCE7299D390E00381D8C /* Assets.xcassets */; };
		7900FCEB299D390E00381D8C /* LaunchScreen.storyboard in Resources */ = {isa = PBXBuildFile; fileRef = 7900FCE9299D390E00381D8C /* LaunchScreen.storyboard */; };
		7900FCF6299D390F00381D8C /* MoviesTests.swift in Sources */ = {isa = PBXBuildFile; fileRef = 7900FCF5299D390F00381D8C /* MoviesTests.swift */; };
		7900FD1A299D463B00381D8C /* LoginPresenter.swift in Sources */ = {isa = PBXBuildFile; fileRef = 7900FD15299D463B00381D8C /* LoginPresenter.swift */; };
		7900FD1B299D463B00381D8C /* LoginRouter.swift in Sources */ = {isa = PBXBuildFile; fileRef = 7900FD16299D463B00381D8C /* LoginRouter.swift */; };
		7900FD1C299D463B00381D8C /* LoginViewController.swift in Sources */ = {isa = PBXBuildFile; fileRef = 7900FD17299D463B00381D8C /* LoginViewController.swift */; };
		7900FD1D299D463B00381D8C /* LoginProtocols.swift in Sources */ = {isa = PBXBuildFile; fileRef = 7900FD18299D463B00381D8C /* LoginProtocols.swift */; };
		7900FD1E299D463B00381D8C /* LoginInteractor.swift in Sources */ = {isa = PBXBuildFile; fileRef = 7900FD19299D463B00381D8C /* LoginInteractor.swift */; };
		7900FD21299D4C3400381D8C /* HttpResponseStatus.swift in Sources */ = {isa = PBXBuildFile; fileRef = 7900FD20299D4C3400381D8C /* HttpResponseStatus.swift */; };
		7900FD24299D4C5900381D8C /* ApiError.swift in Sources */ = {isa = PBXBuildFile; fileRef = 7900FD23299D4C5900381D8C /* ApiError.swift */; };
		7900FD28299D4CD700381D8C /* ApiClientServiceProtocol.swift in Sources */ = {isa = PBXBuildFile; fileRef = 7900FD27299D4CD700381D8C /* ApiClientServiceProtocol.swift */; };
		7900FD2A299D4CEF00381D8C /* ApiClientService.swift in Sources */ = {isa = PBXBuildFile; fileRef = 7900FD29299D4CEF00381D8C /* ApiClientService.swift */; };
		7900FD2E299D4E7700381D8C /* RequestManager.swift in Sources */ = {isa = PBXBuildFile; fileRef = 7900FD2D299D4E7700381D8C /* RequestManager.swift */; };
		7900FD30299D608C00381D8C /* PopularMovieEntity.swift in Sources */ = {isa = PBXBuildFile; fileRef = 7900FD2F299D608C00381D8C /* PopularMovieEntity.swift */; };
		7900FD32299D619E00381D8C /* PopularMovieResponseEntity.swift in Sources */ = {isa = PBXBuildFile; fileRef = 7900FD31299D619E00381D8C /* PopularMovieResponseEntity.swift */; };
		7900FD34299D620C00381D8C /* URLBuilder.swift in Sources */ = {isa = PBXBuildFile; fileRef = 7900FD33299D620C00381D8C /* URLBuilder.swift */; };
		7900FD37299D64A800381D8C /* Endpoint.swift in Sources */ = {isa = PBXBuildFile; fileRef = 7900FD36299D64A800381D8C /* Endpoint.swift */; };
		7900FD3A299D6E0100381D8C /* StringExtension.swift in Sources */ = {isa = PBXBuildFile; fileRef = 7900FD39299D6E0100381D8C /* StringExtension.swift */; };
/* End PBXBuildFile section */

/* Begin PBXContainerItemProxy section */
		7900FCF2299D390F00381D8C /* PBXContainerItemProxy */ = {
			isa = PBXContainerItemProxy;
			containerPortal = 7900FCD3299D390D00381D8C /* Project object */;
			proxyType = 1;
			remoteGlobalIDString = 7900FCDA299D390D00381D8C;
			remoteInfo = Movies;
		};
/* End PBXContainerItemProxy section */

/* Begin PBXFileReference section */
		7900FCDB299D390D00381D8C /* Movies.app */ = {isa = PBXFileReference; explicitFileType = wrapper.application; includeInIndex = 0; path = Movies.app; sourceTree = BUILT_PRODUCTS_DIR; };
		7900FCDE299D390D00381D8C /* AppDelegate.swift */ = {isa = PBXFileReference; lastKnownFileType = sourcecode.swift; path = AppDelegate.swift; sourceTree = "<group>"; };
		7900FCE0299D390D00381D8C /* SceneDelegate.swift */ = {isa = PBXFileReference; lastKnownFileType = sourcecode.swift; path = SceneDelegate.swift; sourceTree = "<group>"; };
		7900FCE7299D390E00381D8C /* Assets.xcassets */ = {isa = PBXFileReference; lastKnownFileType = folder.assetcatalog; path = Assets.xcassets; sourceTree = "<group>"; };
		7900FCEA299D390E00381D8C /* Base */ = {isa = PBXFileReference; lastKnownFileType = file.storyboard; name = Base; path = Base.lproj/LaunchScreen.storyboard; sourceTree = "<group>"; };
		7900FCEC299D390E00381D8C /* Info.plist */ = {isa = PBXFileReference; lastKnownFileType = text.plist.xml; path = Info.plist; sourceTree = "<group>"; };
		7900FCF1299D390F00381D8C /* MoviesTests.xctest */ = {isa = PBXFileReference; explicitFileType = wrapper.cfbundle; includeInIndex = 0; path = MoviesTests.xctest; sourceTree = BUILT_PRODUCTS_DIR; };
		7900FCF5299D390F00381D8C /* MoviesTests.swift */ = {isa = PBXFileReference; lastKnownFileType = sourcecode.swift; path = MoviesTests.swift; sourceTree = "<group>"; };
		7900FD15299D463B00381D8C /* LoginPresenter.swift */ = {isa = PBXFileReference; lastKnownFileType = sourcecode.swift; path = LoginPresenter.swift; sourceTree = "<group>"; };
		7900FD16299D463B00381D8C /* LoginRouter.swift */ = {isa = PBXFileReference; lastKnownFileType = sourcecode.swift; path = LoginRouter.swift; sourceTree = "<group>"; };
		7900FD17299D463B00381D8C /* LoginViewController.swift */ = {isa = PBXFileReference; lastKnownFileType = sourcecode.swift; path = LoginViewController.swift; sourceTree = "<group>"; };
		7900FD18299D463B00381D8C /* LoginProtocols.swift */ = {isa = PBXFileReference; lastKnownFileType = sourcecode.swift; path = LoginProtocols.swift; sourceTree = "<group>"; };
		7900FD19299D463B00381D8C /* LoginInteractor.swift */ = {isa = PBXFileReference; lastKnownFileType = sourcecode.swift; path = LoginInteractor.swift; sourceTree = "<group>"; };
		7900FD20299D4C3400381D8C /* HttpResponseStatus.swift */ = {isa = PBXFileReference; lastKnownFileType = sourcecode.swift; path = HttpResponseStatus.swift; sourceTree = "<group>"; };
		7900FD23299D4C5900381D8C /* ApiError.swift */ = {isa = PBXFileReference; lastKnownFileType = sourcecode.swift; path = ApiError.swift; sourceTree = "<group>"; };
		7900FD27299D4CD700381D8C /* ApiClientServiceProtocol.swift */ = {isa = PBXFileReference; lastKnownFileType = sourcecode.swift; path = ApiClientServiceProtocol.swift; sourceTree = "<group>"; };
		7900FD29299D4CEF00381D8C /* ApiClientService.swift */ = {isa = PBXFileReference; lastKnownFileType = sourcecode.swift; path = ApiClientService.swift; sourceTree = "<group>"; };
		7900FD2D299D4E7700381D8C /* RequestManager.swift */ = {isa = PBXFileReference; lastKnownFileType = sourcecode.swift; path = RequestManager.swift; sourceTree = "<group>"; };
		7900FD2F299D608C00381D8C /* PopularMovieEntity.swift */ = {isa = PBXFileReference; lastKnownFileType = sourcecode.swift; path = PopularMovieEntity.swift; sourceTree = "<group>"; };
		7900FD31299D619E00381D8C /* PopularMovieResponseEntity.swift */ = {isa = PBXFileReference; lastKnownFileType = sourcecode.swift; path = PopularMovieResponseEntity.swift; sourceTree = "<group>"; };
		7900FD33299D620C00381D8C /* URLBuilder.swift */ = {isa = PBXFileReference; lastKnownFileType = sourcecode.swift; path = URLBuilder.swift; sourceTree = "<group>"; };
		7900FD36299D64A800381D8C /* Endpoint.swift */ = {isa = PBXFileReference; lastKnownFileType = sourcecode.swift; path = Endpoint.swift; sourceTree = "<group>"; };
		7900FD39299D6E0100381D8C /* StringExtension.swift */ = {isa = PBXFileReference; lastKnownFileType = sourcecode.swift; path = StringExtension.swift; sourceTree = "<group>"; };
/* End PBXFileReference section */

/* Begin PBXFrameworksBuildPhase section */
		7900FCD8299D390D00381D8C /* Frameworks */ = {
			isa = PBXFrameworksBuildPhase;
			buildActionMask = 2147483647;
			files = (
			);
			runOnlyForDeploymentPostprocessing = 0;
		};
		7900FCEE299D390F00381D8C /* Frameworks */ = {
			isa = PBXFrameworksBuildPhase;
			buildActionMask = 2147483647;
			files = (
			);
			runOnlyForDeploymentPostprocessing = 0;
		};
/* End PBXFrameworksBuildPhase section */

/* Begin PBXGroup section */
		7900FCD2299D390D00381D8C = {
			isa = PBXGroup;
			children = (
				7900FCDD299D390D00381D8C /* Movies */,
				7900FCF4299D390F00381D8C /* MoviesTests */,
				7900FCDC299D390D00381D8C /* Products */,
			);
			sourceTree = "<group>";
		};
		7900FCDC299D390D00381D8C /* Products */ = {
			isa = PBXGroup;
			children = (
				7900FCDB299D390D00381D8C /* Movies.app */,
				7900FCF1299D390F00381D8C /* MoviesTests.xctest */,
			);
			name = Products;
			sourceTree = "<group>";
		};
		7900FCDD299D390D00381D8C /* Movies */ = {
			isa = PBXGroup;
			children = (
				7900FD0E299D3CB900381D8C /* System */,
				7900FD0F299D400900381D8C /* Resources */,
				7900FD11299D401A00381D8C /* Networking */,
				7900FD12299D403600381D8C /* Common */,
				7900FD10299D401000381D8C /* Modules */,
				7900FCEC299D390E00381D8C /* Info.plist */,
			);
			path = Movies;
			sourceTree = "<group>";
		};
		7900FCF4299D390F00381D8C /* MoviesTests */ = {
			isa = PBXGroup;
			children = (
				7900FCF5299D390F00381D8C /* MoviesTests.swift */,
			);
			path = MoviesTests;
			sourceTree = "<group>";
		};
		7900FD0E299D3CB900381D8C /* System */ = {
			isa = PBXGroup;
			children = (
				7900FCDE299D390D00381D8C /* AppDelegate.swift */,
				7900FCE0299D390D00381D8C /* SceneDelegate.swift */,
			);
			path = System;
			sourceTree = "<group>";
		};
		7900FD0F299D400900381D8C /* Resources */ = {
			isa = PBXGroup;
			children = (
				7900FCE7299D390E00381D8C /* Assets.xcassets */,
			);
			path = Resources;
			sourceTree = "<group>";
		};
		7900FD10299D401000381D8C /* Modules */ = {
			isa = PBXGroup;
			children = (
				7900FD13299D413D00381D8C /* LaunchScreen */,
				7900FD14299D44D300381D8C /* Login */,
			);
			path = Modules;
			sourceTree = "<group>";
		};
		7900FD11299D401A00381D8C /* Networking */ = {
			isa = PBXGroup;
			children = (
				7900FD35299D646900381D8C /* URLBuilder */,
				7900FD1F299D4C2000381D8C /* StatusResponse */,
				7900FD22299D4C4400381D8C /* Errors */,
				7900FD25299D4CA000381D8C /* Protocols */,
				7900FD26299D4CA900381D8C /* Implementations */,
			);
			path = Networking;
			sourceTree = "<group>";
		};
		7900FD12299D403600381D8C /* Common */ = {
			isa = PBXGroup;
			children = (
				7900FD38299D6DCE00381D8C /* Extensions */,
				7900FD2C299D4E6100381D8C /* RequestManager */,
			);
			path = Common;
			sourceTree = "<group>";
		};
		7900FD13299D413D00381D8C /* LaunchScreen */ = {
			isa = PBXGroup;
			children = (
				7900FCE9299D390E00381D8C /* LaunchScreen.storyboard */,
			);
			path = LaunchScreen;
			sourceTree = "<group>";
		};
		7900FD14299D44D300381D8C /* Login */ = {
			isa = PBXGroup;
			children = (
				7900FD18299D463B00381D8C /* LoginProtocols.swift */,
				7900FD17299D463B00381D8C /* LoginViewController.swift */,
				7900FD15299D463B00381D8C /* LoginPresenter.swift */,
				7900FD19299D463B00381D8C /* LoginInteractor.swift */,
				7900FD16299D463B00381D8C /* LoginRouter.swift */,
				7900FD2B299D4D8300381D8C /* Entities */,
			);
			path = Login;
			sourceTree = "<group>";
		};
		7900FD1F299D4C2000381D8C /* StatusResponse */ = {
			isa = PBXGroup;
			children = (
				7900FD20299D4C3400381D8C /* HttpResponseStatus.swift */,
			);
			path = StatusResponse;
			sourceTree = "<group>";
		};
		7900FD22299D4C4400381D8C /* Errors */ = {
			isa = PBXGroup;
			children = (
				7900FD23299D4C5900381D8C /* ApiError.swift */,
			);
			path = Errors;
			sourceTree = "<group>";
		};
		7900FD25299D4CA000381D8C /* Protocols */ = {
			isa = PBXGroup;
			children = (
				7900FD27299D4CD700381D8C /* ApiClientServiceProtocol.swift */,
			);
			path = Protocols;
			sourceTree = "<group>";
		};
		7900FD26299D4CA900381D8C /* Implementations */ = {
			isa = PBXGroup;
			children = (
				7900FD29299D4CEF00381D8C /* ApiClientService.swift */,
			);
			path = Implementations;
			sourceTree = "<group>";
		};
		7900FD2B299D4D8300381D8C /* Entities */ = {
			isa = PBXGroup;
			children = (
				7900FD2F299D608C00381D8C /* PopularMovieEntity.swift */,
				7900FD31299D619E00381D8C /* PopularMovieResponseEntity.swift */,
			);
			path = Entities;
			sourceTree = "<group>";
		};
		7900FD2C299D4E6100381D8C /* RequestManager */ = {
			isa = PBXGroup;
			children = (
				7900FD2D299D4E7700381D8C /* RequestManager.swift */,
			);
			path = RequestManager;
			sourceTree = "<group>";
		};
		7900FD35299D646900381D8C /* URLBuilder */ = {
			isa = PBXGroup;
			children = (
				7900FD33299D620C00381D8C /* URLBuilder.swift */,
				7900FD36299D64A800381D8C /* Endpoint.swift */,
			);
			path = URLBuilder;
			sourceTree = "<group>";
		};
		7900FD38299D6DCE00381D8C /* Extensions */ = {
			isa = PBXGroup;
			children = (
				7900FD39299D6E0100381D8C /* StringExtension.swift */,
			);
			path = Extensions;
			sourceTree = "<group>";
		};
/* End PBXGroup section */

/* Begin PBXNativeTarget section */
		7900FCDA299D390D00381D8C /* Movies */ = {
			isa = PBXNativeTarget;
			buildConfigurationList = 7900FD05299D390F00381D8C /* Build configuration list for PBXNativeTarget "Movies" */;
			buildPhases = (
				7900FCD7299D390D00381D8C /* Sources */,
				7900FCD8299D390D00381D8C /* Frameworks */,
				7900FCD9299D390D00381D8C /* Resources */,
			);
			buildRules = (
			);
			dependencies = (
			);
			name = Movies;
			productName = Movies;
			productReference = 7900FCDB299D390D00381D8C /* Movies.app */;
			productType = "com.apple.product-type.application";
		};
		7900FCF0299D390F00381D8C /* MoviesTests */ = {
			isa = PBXNativeTarget;
			buildConfigurationList = 7900FD08299D390F00381D8C /* Build configuration list for PBXNativeTarget "MoviesTests" */;
			buildPhases = (
				7900FCED299D390F00381D8C /* Sources */,
				7900FCEE299D390F00381D8C /* Frameworks */,
				7900FCEF299D390F00381D8C /* Resources */,
			);
			buildRules = (
			);
			dependencies = (
				7900FCF3299D390F00381D8C /* PBXTargetDependency */,
			);
			name = MoviesTests;
			productName = MoviesTests;
			productReference = 7900FCF1299D390F00381D8C /* MoviesTests.xctest */;
			productType = "com.apple.product-type.bundle.unit-test";
		};
/* End PBXNativeTarget section */

/* Begin PBXProject section */
		7900FCD3299D390D00381D8C /* Project object */ = {
			isa = PBXProject;
			attributes = {
				BuildIndependentTargetsInParallel = 1;
				LastSwiftUpdateCheck = 1410;
				LastUpgradeCheck = 1410;
				TargetAttributes = {
					7900FCDA299D390D00381D8C = {
						CreatedOnToolsVersion = 14.1;
					};
					7900FCF0299D390F00381D8C = {
						CreatedOnToolsVersion = 14.1;
						TestTargetID = 7900FCDA299D390D00381D8C;
					};
				};
			};
			buildConfigurationList = 7900FCD6299D390D00381D8C /* Build configuration list for PBXProject "Movies" */;
			compatibilityVersion = "Xcode 14.0";
			developmentRegion = en;
			hasScannedForEncodings = 0;
			knownRegions = (
				en,
				Base,
			);
			mainGroup = 7900FCD2299D390D00381D8C;
			productRefGroup = 7900FCDC299D390D00381D8C /* Products */;
			projectDirPath = "";
			projectRoot = "";
			targets = (
				7900FCDA299D390D00381D8C /* Movies */,
				7900FCF0299D390F00381D8C /* MoviesTests */,
			);
		};
/* End PBXProject section */

/* Begin PBXResourcesBuildPhase section */
		7900FCD9299D390D00381D8C /* Resources */ = {
			isa = PBXResourcesBuildPhase;
			buildActionMask = 2147483647;
			files = (
				7900FCEB299D390E00381D8C /* LaunchScreen.storyboard in Resources */,
				7900FCE8299D390E00381D8C /* Assets.xcassets in Resources */,
			);
			runOnlyForDeploymentPostprocessing = 0;
		};
		7900FCEF299D390F00381D8C /* Resources */ = {
			isa = PBXResourcesBuildPhase;
			buildActionMask = 2147483647;
			files = (
			);
			runOnlyForDeploymentPostprocessing = 0;
		};
/* End PBXResourcesBuildPhase section */

/* Begin PBXSourcesBuildPhase section */
		7900FCD7299D390D00381D8C /* Sources */ = {
			isa = PBXSourcesBuildPhase;
			buildActionMask = 2147483647;
			files = (
				7900FD2A299D4CEF00381D8C /* ApiClientService.swift in Sources */,
				7900FD1C299D463B00381D8C /* LoginViewController.swift in Sources */,
				7900FD1D299D463B00381D8C /* LoginProtocols.swift in Sources */,
				7900FD2E299D4E7700381D8C /* RequestManager.swift in Sources */,
				7900FD34299D620C00381D8C /* URLBuilder.swift in Sources */,
				7900FD32299D619E00381D8C /* PopularMovieResponseEntity.swift in Sources */,
				7900FD1A299D463B00381D8C /* LoginPresenter.swift in Sources */,
				7900FD1E299D463B00381D8C /* LoginInteractor.swift in Sources */,
				7900FD3A299D6E0100381D8C /* StringExtension.swift in Sources */,
				7900FCDF299D390D00381D8C /* AppDelegate.swift in Sources */,
				7900FD28299D4CD700381D8C /* ApiClientServiceProtocol.swift in Sources */,
				7900FD37299D64A800381D8C /* Endpoint.swift in Sources */,
				7900FD24299D4C5900381D8C /* ApiError.swift in Sources */,
				7900FD1B299D463B00381D8C /* LoginRouter.swift in Sources */,
				7900FD21299D4C3400381D8C /* HttpResponseStatus.swift in Sources */,
				7900FCE1299D390D00381D8C /* SceneDelegate.swift in Sources */,
				7900FD30299D608C00381D8C /* PopularMovieEntity.swift in Sources */,
			);
			runOnlyForDeploymentPostprocessing = 0;
		};
		7900FCED299D390F00381D8C /* Sources */ = {
			isa = PBXSourcesBuildPhase;
			buildActionMask = 2147483647;
			files = (
				7900FCF6299D390F00381D8C /* MoviesTests.swift in Sources */,
			);
			runOnlyForDeploymentPostprocessing = 0;
		};
/* End PBXSourcesBuildPhase section */

/* Begin PBXTargetDependency section */
		7900FCF3299D390F00381D8C /* PBXTargetDependency */ = {
			isa = PBXTargetDependency;
			target = 7900FCDA299D390D00381D8C /* Movies */;
			targetProxy = 7900FCF2299D390F00381D8C /* PBXContainerItemProxy */;
		};
/* End PBXTargetDependency section */

/* Begin PBXVariantGroup section */
		7900FCE9299D390E00381D8C /* LaunchScreen.storyboard */ = {
			isa = PBXVariantGroup;
			children = (
				7900FCEA299D390E00381D8C /* Base */,
			);
			name = LaunchScreen.storyboard;
			sourceTree = "<group>";
		};
/* End PBXVariantGroup section */

/* Begin XCBuildConfiguration section */
		7900FD03299D390F00381D8C /* Debug */ = {
			isa = XCBuildConfiguration;
			buildSettings = {
				ALWAYS_SEARCH_USER_PATHS = NO;
				CLANG_ANALYZER_NONNULL = YES;
				CLANG_ANALYZER_NUMBER_OBJECT_CONVERSION = YES_AGGRESSIVE;
				CLANG_CXX_LANGUAGE_STANDARD = "gnu++20";
				CLANG_ENABLE_MODULES = YES;
				CLANG_ENABLE_OBJC_ARC = YES;
				CLANG_ENABLE_OBJC_WEAK = YES;
				CLANG_WARN_BLOCK_CAPTURE_AUTORELEASING = YES;
				CLANG_WARN_BOOL_CONVERSION = YES;
				CLANG_WARN_COMMA = YES;
				CLANG_WARN_CONSTANT_CONVERSION = YES;
				CLANG_WARN_DEPRECATED_OBJC_IMPLEMENTATIONS = YES;
				CLANG_WARN_DIRECT_OBJC_ISA_USAGE = YES_ERROR;
				CLANG_WARN_DOCUMENTATION_COMMENTS = YES;
				CLANG_WARN_EMPTY_BODY = YES;
				CLANG_WARN_ENUM_CONVERSION = YES;
				CLANG_WARN_INFINITE_RECURSION = YES;
				CLANG_WARN_INT_CONVERSION = YES;
				CLANG_WARN_NON_LITERAL_NULL_CONVERSION = YES;
				CLANG_WARN_OBJC_IMPLICIT_RETAIN_SELF = YES;
				CLANG_WARN_OBJC_LITERAL_CONVERSION = YES;
				CLANG_WARN_OBJC_ROOT_CLASS = YES_ERROR;
				CLANG_WARN_QUOTED_INCLUDE_IN_FRAMEWORK_HEADER = YES;
				CLANG_WARN_RANGE_LOOP_ANALYSIS = YES;
				CLANG_WARN_STRICT_PROTOTYPES = YES;
				CLANG_WARN_SUSPICIOUS_MOVE = YES;
				CLANG_WARN_UNGUARDED_AVAILABILITY = YES_AGGRESSIVE;
				CLANG_WARN_UNREACHABLE_CODE = YES;
				CLANG_WARN__DUPLICATE_METHOD_MATCH = YES;
				COPY_PHASE_STRIP = NO;
				DEBUG_INFORMATION_FORMAT = dwarf;
				ENABLE_STRICT_OBJC_MSGSEND = YES;
				ENABLE_TESTABILITY = YES;
				GCC_C_LANGUAGE_STANDARD = gnu11;
				GCC_DYNAMIC_NO_PIC = NO;
				GCC_NO_COMMON_BLOCKS = YES;
				GCC_OPTIMIZATION_LEVEL = 0;
				GCC_PREPROCESSOR_DEFINITIONS = (
					"DEBUG=1",
					"$(inherited)",
				);
				GCC_WARN_64_TO_32_BIT_CONVERSION = YES;
				GCC_WARN_ABOUT_RETURN_TYPE = YES_ERROR;
				GCC_WARN_UNDECLARED_SELECTOR = YES;
				GCC_WARN_UNINITIALIZED_AUTOS = YES_AGGRESSIVE;
				GCC_WARN_UNUSED_FUNCTION = YES;
				GCC_WARN_UNUSED_VARIABLE = YES;
				IPHONEOS_DEPLOYMENT_TARGET = 16.1;
				MTL_ENABLE_DEBUG_INFO = INCLUDE_SOURCE;
				MTL_FAST_MATH = YES;
				ONLY_ACTIVE_ARCH = YES;
				SDKROOT = iphoneos;
				SWIFT_ACTIVE_COMPILATION_CONDITIONS = DEBUG;
				SWIFT_OPTIMIZATION_LEVEL = "-Onone";
			};
			name = Debug;
		};
		7900FD04299D390F00381D8C /* Release */ = {
			isa = XCBuildConfiguration;
			buildSettings = {
				ALWAYS_SEARCH_USER_PATHS = NO;
				CLANG_ANALYZER_NONNULL = YES;
				CLANG_ANALYZER_NUMBER_OBJECT_CONVERSION = YES_AGGRESSIVE;
				CLANG_CXX_LANGUAGE_STANDARD = "gnu++20";
				CLANG_ENABLE_MODULES = YES;
				CLANG_ENABLE_OBJC_ARC = YES;
				CLANG_ENABLE_OBJC_WEAK = YES;
				CLANG_WARN_BLOCK_CAPTURE_AUTORELEASING = YES;
				CLANG_WARN_BOOL_CONVERSION = YES;
				CLANG_WARN_COMMA = YES;
				CLANG_WARN_CONSTANT_CONVERSION = YES;
				CLANG_WARN_DEPRECATED_OBJC_IMPLEMENTATIONS = YES;
				CLANG_WARN_DIRECT_OBJC_ISA_USAGE = YES_ERROR;
				CLANG_WARN_DOCUMENTATION_COMMENTS = YES;
				CLANG_WARN_EMPTY_BODY = YES;
				CLANG_WARN_ENUM_CONVERSION = YES;
				CLANG_WARN_INFINITE_RECURSION = YES;
				CLANG_WARN_INT_CONVERSION = YES;
				CLANG_WARN_NON_LITERAL_NULL_CONVERSION = YES;
				CLANG_WARN_OBJC_IMPLICIT_RETAIN_SELF = YES;
				CLANG_WARN_OBJC_LITERAL_CONVERSION = YES;
				CLANG_WARN_OBJC_ROOT_CLASS = YES_ERROR;
				CLANG_WARN_QUOTED_INCLUDE_IN_FRAMEWORK_HEADER = YES;
				CLANG_WARN_RANGE_LOOP_ANALYSIS = YES;
				CLANG_WARN_STRICT_PROTOTYPES = YES;
				CLANG_WARN_SUSPICIOUS_MOVE = YES;
				CLANG_WARN_UNGUARDED_AVAILABILITY = YES_AGGRESSIVE;
				CLANG_WARN_UNREACHABLE_CODE = YES;
				CLANG_WARN__DUPLICATE_METHOD_MATCH = YES;
				COPY_PHASE_STRIP = NO;
				DEBUG_INFORMATION_FORMAT = "dwarf-with-dsym";
				ENABLE_NS_ASSERTIONS = NO;
				ENABLE_STRICT_OBJC_MSGSEND = YES;
				GCC_C_LANGUAGE_STANDARD = gnu11;
				GCC_NO_COMMON_BLOCKS = YES;
				GCC_WARN_64_TO_32_BIT_CONVERSION = YES;
				GCC_WARN_ABOUT_RETURN_TYPE = YES_ERROR;
				GCC_WARN_UNDECLARED_SELECTOR = YES;
				GCC_WARN_UNINITIALIZED_AUTOS = YES_AGGRESSIVE;
				GCC_WARN_UNUSED_FUNCTION = YES;
				GCC_WARN_UNUSED_VARIABLE = YES;
				IPHONEOS_DEPLOYMENT_TARGET = 16.1;
				MTL_ENABLE_DEBUG_INFO = NO;
				MTL_FAST_MATH = YES;
				SDKROOT = iphoneos;
				SWIFT_COMPILATION_MODE = wholemodule;
				SWIFT_OPTIMIZATION_LEVEL = "-O";
				VALIDATE_PRODUCT = YES;
			};
			name = Release;
		};
		7900FD06299D390F00381D8C /* Debug */ = {
			isa = XCBuildConfiguration;
			buildSettings = {
				ASSETCATALOG_COMPILER_APPICON_NAME = AppIcon;
				ASSETCATALOG_COMPILER_GLOBAL_ACCENT_COLOR_NAME = AccentColor;
				CODE_SIGN_STYLE = Automatic;
				CURRENT_PROJECT_VERSION = 1;
				DEVELOPMENT_TEAM = Q256APZHXC;
				GENERATE_INFOPLIST_FILE = YES;
				INFOPLIST_FILE = Movies/Info.plist;
				INFOPLIST_KEY_UIApplicationSupportsIndirectInputEvents = YES;
				INFOPLIST_KEY_UILaunchStoryboardName = LaunchScreen;
				INFOPLIST_KEY_UISupportedInterfaceOrientations_iPad = "UIInterfaceOrientationPortrait UIInterfaceOrientationPortraitUpsideDown UIInterfaceOrientationLandscapeLeft UIInterfaceOrientationLandscapeRight";
				INFOPLIST_KEY_UISupportedInterfaceOrientations_iPhone = "UIInterfaceOrientationPortrait UIInterfaceOrientationLandscapeLeft UIInterfaceOrientationLandscapeRight";
				LD_RUNPATH_SEARCH_PATHS = (
					"$(inherited)",
					"@executable_path/Frameworks",
				);
				MARKETING_VERSION = 1.0;
				PRODUCT_BUNDLE_IDENTIFIER = com.ricardo.Movies;
				PRODUCT_NAME = "$(TARGET_NAME)";
				SUPPORTED_PLATFORMS = "iphoneos iphonesimulator";
				SUPPORTS_MACCATALYST = NO;
				SUPPORTS_MAC_DESIGNED_FOR_IPHONE_IPAD = NO;
				SWIFT_EMIT_LOC_STRINGS = YES;
				SWIFT_VERSION = 5.0;
				TARGETED_DEVICE_FAMILY = 1;
			};
			name = Debug;
		};
		7900FD07299D390F00381D8C /* Release */ = {
			isa = XCBuildConfiguration;
			buildSettings = {
				ASSETCATALOG_COMPILER_APPICON_NAME = AppIcon;
				ASSETCATALOG_COMPILER_GLOBAL_ACCENT_COLOR_NAME = AccentColor;
				CODE_SIGN_STYLE = Automatic;
				CURRENT_PROJECT_VERSION = 1;
				DEVELOPMENT_TEAM = Q256APZHXC;
				GENERATE_INFOPLIST_FILE = YES;
				INFOPLIST_FILE = Movies/Info.plist;
				INFOPLIST_KEY_UIApplicationSupportsIndirectInputEvents = YES;
				INFOPLIST_KEY_UILaunchStoryboardName = LaunchScreen;
				INFOPLIST_KEY_UISupportedInterfaceOrientations_iPad = "UIInterfaceOrientationPortrait UIInterfaceOrientationPortraitUpsideDown UIInterfaceOrientationLandscapeLeft UIInterfaceOrientationLandscapeRight";
				INFOPLIST_KEY_UISupportedInterfaceOrientations_iPhone = "UIInterfaceOrientationPortrait UIInterfaceOrientationLandscapeLeft UIInterfaceOrientationLandscapeRight";
				LD_RUNPATH_SEARCH_PATHS = (
					"$(inherited)",
					"@executable_path/Frameworks",
				);
				MARKETING_VERSION = 1.0;
				PRODUCT_BUNDLE_IDENTIFIER = com.ricardo.Movies;
				PRODUCT_NAME = "$(TARGET_NAME)";
				SUPPORTED_PLATFORMS = "iphoneos iphonesimulator";
				SUPPORTS_MACCATALYST = NO;
				SUPPORTS_MAC_DESIGNED_FOR_IPHONE_IPAD = NO;
				SWIFT_EMIT_LOC_STRINGS = YES;
				SWIFT_VERSION = 5.0;
				TARGETED_DEVICE_FAMILY = 1;
			};
			name = Release;
		};
		7900FD09299D390F00381D8C /* Debug */ = {
			isa = XCBuildConfiguration;
			buildSettings = {
				ALWAYS_EMBED_SWIFT_STANDARD_LIBRARIES = YES;
				BUNDLE_LOADER = "$(TEST_HOST)";
				CODE_SIGN_STYLE = Automatic;
				CURRENT_PROJECT_VERSION = 1;
				DEVELOPMENT_TEAM = Q256APZHXC;
				GENERATE_INFOPLIST_FILE = YES;
				IPHONEOS_DEPLOYMENT_TARGET = 16.1;
				MARKETING_VERSION = 1.0;
				PRODUCT_BUNDLE_IDENTIFIER = com.ricardo.MoviesTests;
				PRODUCT_NAME = "$(TARGET_NAME)";
				SUPPORTED_PLATFORMS = "iphoneos iphonesimulator";
				SUPPORTS_MACCATALYST = NO;
				SUPPORTS_MAC_DESIGNED_FOR_IPHONE_IPAD = NO;
				SWIFT_EMIT_LOC_STRINGS = NO;
				SWIFT_VERSION = 5.0;
				TARGETED_DEVICE_FAMILY = 1;
				TEST_HOST = "$(BUILT_PRODUCTS_DIR)/Movies.app/$(BUNDLE_EXECUTABLE_FOLDER_PATH)/Movies";
			};
			name = Debug;
		};
		7900FD0A299D390F00381D8C /* Release */ = {
			isa = XCBuildConfiguration;
			buildSettings = {
				ALWAYS_EMBED_SWIFT_STANDARD_LIBRARIES = YES;
				BUNDLE_LOADER = "$(TEST_HOST)";
				CODE_SIGN_STYLE = Automatic;
				CURRENT_PROJECT_VERSION = 1;
				DEVELOPMENT_TEAM = Q256APZHXC;
				GENERATE_INFOPLIST_FILE = YES;
				IPHONEOS_DEPLOYMENT_TARGET = 16.1;
				MARKETING_VERSION = 1.0;
				PRODUCT_BUNDLE_IDENTIFIER = com.ricardo.MoviesTests;
				PRODUCT_NAME = "$(TARGET_NAME)";
				SUPPORTED_PLATFORMS = "iphoneos iphonesimulator";
				SUPPORTS_MACCATALYST = NO;
				SUPPORTS_MAC_DESIGNED_FOR_IPHONE_IPAD = NO;
				SWIFT_EMIT_LOC_STRINGS = NO;
				SWIFT_VERSION = 5.0;
				TARGETED_DEVICE_FAMILY = 1;
				TEST_HOST = "$(BUILT_PRODUCTS_DIR)/Movies.app/$(BUNDLE_EXECUTABLE_FOLDER_PATH)/Movies";
			};
			name = Release;
		};
/* End XCBuildConfiguration section */

/* Begin XCConfigurationList section */
		7900FCD6299D390D00381D8C /* Build configuration list for PBXProject "Movies" */ = {
			isa = XCConfigurationList;
			buildConfigurations = (
				7900FD03299D390F00381D8C /* Debug */,
				7900FD04299D390F00381D8C /* Release */,
			);
			defaultConfigurationIsVisible = 0;
			defaultConfigurationName = Release;
		};
		7900FD05299D390F00381D8C /* Build configuration list for PBXNativeTarget "Movies" */ = {
			isa = XCConfigurationList;
			buildConfigurations = (
				7900FD06299D390F00381D8C /* Debug */,
				7900FD07299D390F00381D8C /* Release */,
			);
			defaultConfigurationIsVisible = 0;
			defaultConfigurationName = Release;
		};
		7900FD08299D390F00381D8C /* Build configuration list for PBXNativeTarget "MoviesTests" */ = {
			isa = XCConfigurationList;
			buildConfigurations = (
				7900FD09299D390F00381D8C /* Debug */,
				7900FD0A299D390F00381D8C /* Release */,
			);
			defaultConfigurationIsVisible = 0;
			defaultConfigurationName = Release;
		};
/* End XCConfigurationList section */
	};
	rootObject = 7900FCD3299D390D00381D8C /* Project object */;
}
